
Microsoft Visual Studio Solution File, Format Version 12.00
# Visual Studio Version 16
VisualStudioVersion = 16.0.30907.101
MinimumVisualStudioVersion = 10.0.40219.1
Project("{9A19103F-16F7-4668-BE54-9A1E7A4F7556}") = "Genso", "Genso\Genso.csproj", "{16C39C14-5619-436C-B596-4BEE3FF014E4}"
EndProject
Project("{2150E333-8FDC-42A3-9474-1A3956D46DE8}") = "Solution Items", "Solution Items", "{C024E2B3-37BC-4F41-8698-66197E053970}"
	ProjectSection(SolutionItems) = preProject
		.editorconfig = .editorconfig
	EndProjectSection
EndProject
Project("{FAE04EC0-301F-11D3-BF4B-00C04F79EFBC}") = "Genso.Code", "Genso.Code/Genso.Code\Genso.Code.csproj", "{A0921157-2AE8-4972-8E23-A5FA5440CEC5}"
EndProject
Project("{FAE04EC0-301F-11D3-BF4B-00C04F79EFBC}") = "Genso.Code.CSharp", "Genso.Code/Genso.Code.CSharp/Genso.Code.CSharp\Genso.Code.CSharp.csproj", "{80E3CD63-E04A-47E9-B6C9-2BC01C170CCC}"
EndProject
Global
	GlobalSection(SolutionConfigurationPlatforms) = preSolution
		Debug|Any CPU = Debug|Any CPU
		Release|Any CPU = Release|Any CPU
	EndGlobalSection
	GlobalSection(ProjectConfigurationPlatforms) = postSolution
		{16C39C14-5619-436C-B596-4BEE3FF014E4}.Debug|Any CPU.ActiveCfg = Debug|Any CPU
		{16C39C14-5619-436C-B596-4BEE3FF014E4}.Debug|Any CPU.Build.0 = Debug|Any CPU
		{16C39C14-5619-436C-B596-4BEE3FF014E4}.Release|Any CPU.ActiveCfg = Release|Any CPU
		{16C39C14-5619-436C-B596-4BEE3FF014E4}.Release|Any CPU.Build.0 = Release|Any CPU
		{A0921157-2AE8-4972-8E23-A5FA5440CEC5}.Debug|Any CPU.ActiveCfg = Debug|Any CPU
		{A0921157-2AE8-4972-8E23-A5FA5440CEC5}.Debug|Any CPU.Build.0 = Debug|Any CPU
		{A0921157-2AE8-4972-8E23-A5FA5440CEC5}.Release|Any CPU.ActiveCfg = Release|Any CPU
		{A0921157-2AE8-4972-8E23-A5FA5440CEC5}.Release|Any CPU.Build.0 = Release|Any CPU
		{80E3CD63-E04A-47E9-B6C9-2BC01C170CCC}.Debug|Any CPU.ActiveCfg = Debug|Any CPU
		{80E3CD63-E04A-47E9-B6C9-2BC01C170CCC}.Debug|Any CPU.Build.0 = Debug|Any CPU
		{80E3CD63-E04A-47E9-B6C9-2BC01C170CCC}.Release|Any CPU.ActiveCfg = Release|Any CPU
		{80E3CD63-E04A-47E9-B6C9-2BC01C170CCC}.Release|Any CPU.Build.0 = Release|Any CPU
	EndGlobalSection
	GlobalSection(SolutionProperties) = preSolution
		HideSolutionNode = FALSE
	EndGlobalSection
	GlobalSection(ExtensibilityGlobals) = postSolution
		SolutionGuid = {6D10969C-3A82-4C9C-86E9-BA723D570B90}
	EndGlobalSection
EndGlobal
